Microsoft Visual Studio Solution File, Format Version 11.00
# Visual Studio 2008

Project("{45063D21-048A-F411-E115-E5D8F134860E}") = "CODE_dungeonNflight", "Assembly-CSharp-firstpass.csproj", "{776828C0-354A-C8FF-8F80-491F10E20C31}"
EndProject
Project("{45063D21-048A-F411-E115-E5D8F134860E}") = "CODE_dungeonNflight", "Assembly-CSharp.csproj", "{6379492C-E644-174E-AD46-439D35CC3BB5}"
EndProject
Global
	GlobalSection(SolutionConfigurationPlatforms) = preSolution
		Debug|Any CPU = Debug|Any CPU
		Release|Any CPU = Release|Any CPU
	EndGlobalSection
	GlobalSection(ProjectConfigurationPlatforms) = postSolution
		{776828C0-354A-C8FF-8F80-491F10E20C31}.Debug|Any CPU.ActiveCfg = Debug|Any CPU
		{776828C0-354A-C8FF-8F80-491F10E20C31}.Debug|Any CPU.Build.0 = Debug|Any CPU
		{776828C0-354A-C8FF-8F80-491F10E20C31}.Release|Any CPU.ActiveCfg = Release|Any CPU
		{776828C0-354A-C8FF-8F80-491F10E20C31}.Release|Any CPU.Build.0 = Release|Any CPU
		{6379492C-E644-174E-AD46-439D35CC3BB5}.Debug|Any CPU.ActiveCfg = Debug|Any CPU
		{6379492C-E644-174E-AD46-439D35CC3BB5}.Debug|Any CPU.Build.0 = Debug|Any CPU
		{6379492C-E644-174E-AD46-439D35CC3BB5}.Release|Any CPU.ActiveCfg = Release|Any CPU
		{6379492C-E644-174E-AD46-439D35CC3BB5}.Release|Any CPU.Build.0 = Release|Any CPU
	EndGlobalSection
	GlobalSection(SolutionProperties) = preSolution
		HideSolutionNode = FALSE
	EndGlobalSection
	GlobalSection(MonoDevelopProperties) = preSolution
		StartupItem = Assembly-CSharp.csproj
	EndGlobalSection
EndGlobal
